// !$*UTF8*$!
{
	archiveVersion = 1;
	classes = {
	};
	objectVersion = 56;
	objects = {

/* Begin PBXBuildFile section */
		1575CB152C01E8B700488C04 /* RealityKitContent in Frameworks */ = {isa = PBXBuildFile; productRef = 1575CB142C01E8B700488C04 /* RealityKitContent */; };
		1575CB172C01E8B700488C04 /* vision_os_map2dApp.swift in Sources */ = {isa = PBXBuildFile; fileRef = 1575CB162C01E8B700488C04 /* vision_os_map2dApp.swift */; };
		1575CB192C01E8B700488C04 /* ContentView.swift in Sources */ = {isa = PBXBuildFile; fileRef = 1575CB182C01E8B700488C04 /* ContentView.swift */; };
		1575CB1B2C01E8B700488C04 /* ImmersiveView.swift in Sources */ = {isa = PBXBuildFile; fileRef = 1575CB1A2C01E8B700488C04 /* ImmersiveView.swift */; };
		1575CB1D2C01E8B800488C04 /* Assets.xcassets in Resources */ = {isa = PBXBuildFile; fileRef = 1575CB1C2C01E8B800488C04 /* Assets.xcassets */; };
		1575CB202C01E8B800488C04 /* Preview Assets.xcassets in Resources */ = {isa = PBXBuildFile; fileRef = 1575CB1F2C01E8B800488C04 /* Preview Assets.xcassets */; };
		1575CB282C01EA9900488C04 /* MapView.swift in Sources */ = {isa = PBXBuildFile; fileRef = 1575CB272C01EA9900488C04 /* MapView.swift */; };
		1575CB2A2C0200CD00488C04 /* MapIconView.swift in Sources */ = {isa = PBXBuildFile; fileRef = 1575CB292C0200CD00488C04 /* MapIconView.swift */; };
/* End PBXBuildFile section */

/* Begin PBXFileReference section */
		1575CB0F2C01E8B700488C04 /* vision-os-map2d.app */ = {isa = PBXFileReference; explicitFileType = wrapper.application; includeInIndex = 0; path = "vision-os-map2d.app"; sourceTree = BUILT_PRODUCTS_DIR; };
		1575CB132C01E8B700488C04 /* RealityKitContent */ = {isa = PBXFileReference; lastKnownFileType = wrapper; path = RealityKitContent; sourceTree = "<group>"; };
		1575CB162C01E8B700488C04 /* vision_os_map2dApp.swift */ = {isa = PBXFileReference; lastKnownFileType = sourcecode.swift; path = vision_os_map2dApp.swift; sourceTree = "<group>"; };
		1575CB182C01E8B700488C04 /* ContentView.swift */ = {isa = PBXFileReference; lastKnownFileType = sourcecode.swift; path = ContentView.swift; sourceTree = "<group>"; };
		1575CB1A2C01E8B700488C04 /* ImmersiveView.swift */ = {isa = PBXFileReference; lastKnownFileType = sourcecode.swift; path = ImmersiveView.swift; sourceTree = "<group>"; };
		1575CB1C2C01E8B800488C04 /* Assets.xcassets */ = {isa = PBXFileReference; lastKnownFileType = folder.assetcatalog; path = Assets.xcassets; sourceTree = "<group>"; };
		1575CB1F2C01E8B800488C04 /* Preview Assets.xcassets */ = {isa = PBXFileReference; lastKnownFileType = folder.assetcatalog; path = "Preview Assets.xcassets"; sourceTree = "<group>"; };
		1575CB212C01E8B800488C04 /* Info.plist */ = {isa = PBXFileReference; lastKnownFileType = text.plist.xml; path = Info.plist; sourceTree = "<group>"; };
		1575CB272C01EA9900488C04 /* MapView.swift */ = {isa = PBXFileReference; lastKnownFileType = sourcecode.swift; path = MapView.swift; sourceTree = "<group>"; };
		1575CB292C0200CD00488C04 /* MapIconView.swift */ = {isa = PBXFileReference; lastKnownFileType = sourcecode.swift; path = MapIconView.swift; sourceTree = "<group>"; };
/* End PBXFileReference section */

/* Begin PBXFrameworksBuildPhase section */
		1575CB0C2C01E8B700488C04 /* Frameworks */ = {
			isa = PBXFrameworksBuildPhase;
			buildActionMask = 2147483647;
			files = (
				1575CB152C01E8B700488C04 /* RealityKitContent in Frameworks */,
			);
			runOnlyForDeploymentPostprocessing = 0;
		};
/* End PBXFrameworksBuildPhase section */

/* Begin PBXGroup section */
		1575CB062C01E8B700488C04 = {
			isa = PBXGroup;
			children = (
				1575CB112C01E8B700488C04 /* vision-os-map2d */,
				1575CB122C01E8B700488C04 /* Packages */,
				1575CB102C01E8B700488C04 /* Products */,
			);
			sourceTree = "<group>";
		};
		1575CB102C01E8B700488C04 /* Products */ = {
			isa = PBXGroup;
			children = (
				1575CB0F2C01E8B700488C04 /* vision-os-map2d.app */,
			);
			name = Products;
			sourceTree = "<group>";
		};
		1575CB112C01E8B700488C04 /* vision-os-map2d */ = {
			isa = PBXGroup;
			children = (
				1575CB162C01E8B700488C04 /* vision_os_map2dApp.swift */,
				1575CB272C01EA9900488C04 /* MapView.swift */,
				1575CB292C0200CD00488C04 /* MapIconView.swift */,
				1575CB182C01E8B700488C04 /* ContentView.swift */,
				1575CB1A2C01E8B700488C04 /* ImmersiveView.swift */,
				1575CB1C2C01E8B800488C04 /* Assets.xcassets */,
				1575CB212C01E8B800488C04 /* Info.plist */,
				1575CB1E2C01E8B800488C04 /* Preview Content */,
			);
			path = "vision-os-map2d";
			sourceTree = "<group>";
		};
		1575CB122C01E8B700488C04 /* Packages */ = {
			isa = PBXGroup;
			children = (
				1575CB132C01E8B700488C04 /* RealityKitContent */,
			);
			path = Packages;
			sourceTree = "<group>";
		};
		1575CB1E2C01E8B800488C04 /* Preview Content */ = {
			isa = PBXGroup;
			children = (
				1575CB1F2C01E8B800488C04 /* Preview Assets.xcassets */,
			);
			path = "Preview Content";
			sourceTree = "<group>";
		};
/* End PBXGroup section */

/* Begin PBXNativeTarget section */
		1575CB0E2C01E8B700488C04 /* vision-os-map2d */ = {
			isa = PBXNativeTarget;
			buildConfigurationList = 1575CB242C01E8B800488C04 /* Build configuration list for PBXNativeTarget "vision-os-map2d" */;
			buildPhases = (
				1575CB0B2C01E8B700488C04 /* Sources */,
				1575CB0C2C01E8B700488C04 /* Frameworks */,
				1575CB0D2C01E8B700488C04 /* Resources */,
			);
			buildRules = (
			);
			dependencies = (
			);
			name = "vision-os-map2d";
			packageProductDependencies = (
				1575CB142C01E8B700488C04 /* RealityKitContent */,
			);
			productName = "vision-os-map2d";
			productReference = 1575CB0F2C01E8B700488C04 /* vision-os-map2d.app */;
			productType = "com.apple.product-type.application";
		};
/* End PBXNativeTarget section */

/* Begin PBXProject section */
		1575CB072C01E8B700488C04 /* Project object */ = {
			isa = PBXProject;
			attributes = {
				BuildIndependentTargetsInParallel = 1;
				LastSwiftUpdateCheck = 1530;
				LastUpgradeCheck = 1530;
				TargetAttributes = {
					1575CB0E2C01E8B700488C04 = {
						CreatedOnToolsVersion = 15.3;
					};
				};
			};
			buildConfigurationList = 1575CB0A2C01E8B700488C04 /* Build configuration list for PBXProject "vision-os-map2d" */;
			compatibilityVersion = "Xcode 14.0";
			developmentRegion = en;
			hasScannedForEncodings = 0;
			knownRegions = (
				en,
				Base,
			);
			mainGroup = 1575CB062C01E8B700488C04;
			productRefGroup = 1575CB102C01E8B700488C04 /* Products */;
			projectDirPath = "";
			projectRoot = "";
			targets = (
				1575CB0E2C01E8B700488C04 /* vision-os-map2d */,
			);
		};
/* End PBXProject section */

/* Begin PBXResourcesBuildPhase section */
		1575CB0D2C01E8B700488C04 /* Resources */ = {
			isa = PBXResourcesBuildPhase;
			buildActionMask = 2147483647;
			files = (
				1575CB202C01E8B800488C04 /* Preview Assets.xcassets in Resources */,
				1575CB1D2C01E8B800488C04 /* Assets.xcassets in Resources */,
			);
			runOnlyForDeploymentPostprocessing = 0;
		};
/* End PBXResourcesBuildPhase section */

/* Begin PBXSourcesBuildPhase section */
		1575CB0B2C01E8B700488C04 /* Sources */ = {
			isa = PBXSourcesBuildPhase;
			buildActionMask = 2147483647;
			files = (
				1575CB192C01E8B700488C04 /* ContentView.swift in Sources */,
				1575CB282C01EA9900488C04 /* MapView.swift in Sources */,
				1575CB172C01E8B700488C04 /* vision_os_map2dApp.swift in Sources */,
				1575CB1B2C01E8B700488C04 /* ImmersiveView.swift in Sources */,
				1575CB2A2C0200CD00488C04 /* MapIconView.swift in Sources */,
			);
			runOnlyForDeploymentPostprocessing = 0;
		};
/* End PBXSourcesBuildPhase section */

/* Begin XCBuildConfiguration section */
		1575CB222C01E8B800488C04 /* Debug */ = {
			isa = XCBuildConfiguration;
			buildSettings = {
				ALWAYS_SEARCH_USER_PATHS = NO;
				ASSETCATALOG_COMPILER_GENERATE_SWIFT_ASSET_SYMBOL_EXTENSIONS = YES;
				CLANG_ANALYZER_NONNULL = YES;
				CLANG_ANALYZER_NUMBER_OBJECT_CONVERSION = YES_AGGRESSIVE;
				CLANG_CXX_LANGUAGE_STANDARD = "gnu++20";
				CLANG_ENABLE_MODULES = YES;
				CLANG_ENABLE_OBJC_ARC = YES;
				CLANG_ENABLE_OBJC_WEAK = YES;
				CLANG_WARN_BLOCK_CAPTURE_AUTORELEASING = YES;
				CLANG_WARN_BOOL_CONVERSION = YES;
				CLANG_WARN_COMMA = YES;
				CLANG_WARN_CONSTANT_CONVERSION = YES;
				CLANG_WARN_DEPRECATED_OBJC_IMPLEMENTATIONS = YES;
				CLANG_WARN_DIRECT_OBJC_ISA_USAGE = YES_ERROR;
				CLANG_WARN_DOCUMENTATION_COMMENTS = YES;
				CLANG_WARN_EMPTY_BODY = YES;
				CLANG_WARN_ENUM_CONVERSION = YES;
				CLANG_WARN_INFINITE_RECURSION = YES;
				CLANG_WARN_INT_CONVERSION = YES;
				CLANG_WARN_NON_LITERAL_NULL_CONVERSION = YES;
				CLANG_WARN_OBJC_IMPLICIT_RETAIN_SELF = YES;
				CLANG_WARN_OBJC_LITERAL_CONVERSION = YES;
				CLANG_WARN_OBJC_ROOT_CLASS = YES_ERROR;
				CLANG_WARN_QUOTED_INCLUDE_IN_FRAMEWORK_HEADER = YES;
				CLANG_WARN_RANGE_LOOP_ANALYSIS = YES;
				CLANG_WARN_STRICT_PROTOTYPES = YES;
				CLANG_WARN_SUSPICIOUS_MOVE = YES;
				CLANG_WARN_UNGUARDED_AVAILABILITY = YES_AGGRESSIVE;
				CLANG_WARN_UNREACHABLE_CODE = YES;
				CLANG_WARN__DUPLICATE_METHOD_MATCH = YES;
				COPY_PHASE_STRIP = NO;
				DEBUG_INFORMATION_FORMAT = dwarf;
				ENABLE_STRICT_OBJC_MSGSEND = YES;
				ENABLE_TESTABILITY = YES;
				ENABLE_USER_SCRIPT_SANDBOXING = YES;
				GCC_C_LANGUAGE_STANDARD = gnu17;
				GCC_DYNAMIC_NO_PIC = NO;
				GCC_NO_COMMON_BLOCKS = YES;
				GCC_OPTIMIZATION_LEVEL = 0;
				GCC_PREPROCESSOR_DEFINITIONS = (
					"DEBUG=1",
					"$(inherited)",
				);
				GCC_WARN_64_TO_32_BIT_CONVERSION = YES;
				GCC_WARN_ABOUT_RETURN_TYPE = YES_ERROR;
				GCC_WARN_UNDECLARED_SELECTOR = YES;
				GCC_WARN_UNINITIALIZED_AUTOS = YES_AGGRESSIVE;
				GCC_WARN_UNUSED_FUNCTION = YES;
				GCC_WARN_UNUSED_VARIABLE = YES;
				LOCALIZATION_PREFERS_STRING_CATALOGS = YES;
				MTL_ENABLE_DEBUG_INFO = INCLUDE_SOURCE;
				MTL_FAST_MATH = YES;
				ONLY_ACTIVE_ARCH = YES;
				SDKROOT = xros;
				SWIFT_ACTIVE_COMPILATION_CONDITIONS = "DEBUG $(inherited)";
				SWIFT_OPTIMIZATION_LEVEL = "-Onone";
				XROS_DEPLOYMENT_TARGET = 1.1;
			};
			name = Debug;
		};
		1575CB232C01E8B800488C04 /* Release */ = {
			isa = XCBuildConfiguration;
			buildSettings = {
				ALWAYS_SEARCH_USER_PATHS = NO;
				ASSETCATALOG_COMPILER_GENERATE_SWIFT_ASSET_SYMBOL_EXTENSIONS = YES;
				CLANG_ANALYZER_NONNULL = YES;
				CLANG_ANALYZER_NUMBER_OBJECT_CONVERSION = YES_AGGRESSIVE;
				CLANG_CXX_LANGUAGE_STANDARD = "gnu++20";
				CLANG_ENABLE_MODULES = YES;
				CLANG_ENABLE_OBJC_ARC = YES;
				CLANG_ENABLE_OBJC_WEAK = YES;
				CLANG_WARN_BLOCK_CAPTURE_AUTORELEASING = YES;
				CLANG_WARN_BOOL_CONVERSION = YES;
				CLANG_WARN_COMMA = YES;
				CLANG_WARN_CONSTANT_CONVERSION = YES;
				CLANG_WARN_DEPRECATED_OBJC_IMPLEMENTATIONS = YES;
				CLANG_WARN_DIRECT_OBJC_ISA_USAGE = YES_ERROR;
				CLANG_WARN_DOCUMENTATION_COMMENTS = YES;
				CLANG_WARN_EMPTY_BODY = YES;
				CLANG_WARN_ENUM_CONVERSION = YES;
				CLANG_WARN_INFINITE_RECURSION = YES;
				CLANG_WARN_INT_CONVERSION = YES;
				CLANG_WARN_NON_LITERAL_NULL_CONVERSION = YES;
				CLANG_WARN_OBJC_IMPLICIT_RETAIN_SELF = YES;
				CLANG_WARN_OBJC_LITERAL_CONVERSION = YES;
				CLANG_WARN_OBJC_ROOT_CLASS = YES_ERROR;
				CLANG_WARN_QUOTED_INCLUDE_IN_FRAMEWORK_HEADER = YES;
				CLANG_WARN_RANGE_LOOP_ANALYSIS = YES;
				CLANG_WARN_STRICT_PROTOTYPES = YES;
				CLANG_WARN_SUSPICIOUS_MOVE = YES;
				CLANG_WARN_UNGUARDED_AVAILABILITY = YES_AGGRESSIVE;
				CLANG_WARN_UNREACHABLE_CODE = YES;
				CLANG_WARN__DUPLICATE_METHOD_MATCH = YES;
				COPY_PHASE_STRIP = NO;
				DEBUG_INFORMATION_FORMAT = "dwarf-with-dsym";
				ENABLE_NS_ASSERTIONS = NO;
				ENABLE_STRICT_OBJC_MSGSEND = YES;
				ENABLE_USER_SCRIPT_SANDBOXING = YES;
				GCC_C_LANGUAGE_STANDARD = gnu17;
				GCC_NO_COMMON_BLOCKS = YES;
				GCC_WARN_64_TO_32_BIT_CONVERSION = YES;
				GCC_WARN_ABOUT_RETURN_TYPE = YES_ERROR;
				GCC_WARN_UNDECLARED_SELECTOR = YES;
				GCC_WARN_UNINITIALIZED_AUTOS = YES_AGGRESSIVE;
				GCC_WARN_UNUSED_FUNCTION = YES;
				GCC_WARN_UNUSED_VARIABLE = YES;
				LOCALIZATION_PREFERS_STRING_CATALOGS = YES;
				MTL_ENABLE_DEBUG_INFO = NO;
				MTL_FAST_MATH = YES;
				SDKROOT = xros;
				SWIFT_COMPILATION_MODE = wholemodule;
				VALIDATE_PRODUCT = YES;
				XROS_DEPLOYMENT_TARGET = 1.1;
			};
			name = Release;
		};
		1575CB252C01E8B800488C04 /* Debug */ = {
			isa = XCBuildConfiguration;
			buildSettings = {
				ASSETCATALOG_COMPILER_APPICON_NAME = AppIcon;
				ASSETCATALOG_COMPILER_GLOBAL_ACCENT_COLOR_NAME = AccentColor;
				CODE_SIGN_STYLE = Automatic;
				CURRENT_PROJECT_VERSION = 1;
				DEVELOPMENT_ASSET_PATHS = "\"vision-os-map2d/Preview Content\"";
				DEVELOPMENT_TEAM = XAA222ZJAC;
				ENABLE_PREVIEWS = YES;
				GENERATE_INFOPLIST_FILE = YES;
				INFOPLIST_FILE = "$(TARGET_NAME)/Info.plist";
				LD_RUNPATH_SEARCH_PATHS = (
					"$(inherited)",
					"@executable_path/Frameworks",
				);
				MARKETING_VERSION = 1.0;
				PRODUCT_BUNDLE_IDENTIFIER = "com.kd.vision-os-map2d";
				PRODUCT_NAME = "$(TARGET_NAME)";
				SUPPORTED_PLATFORMS = "xros xrsimulator";
				SWIFT_EMIT_LOC_STRINGS = YES;
				SWIFT_VERSION = 5.0;
				TARGETED_DEVICE_FAMILY = "1,2,7";
			};
			name = Debug;
		};
		1575CB262C01E8B800488C04 /* Release */ = {
			isa = XCBuildConfiguration;
			buildSettings = {
				ASSETCATALOG_COMPILER_APPICON_NAME = AppIcon;
				ASSETCATALOG_COMPILER_GLOBAL_ACCENT_COLOR_NAME = AccentColor;
				CODE_SIGN_STYLE = Automatic;
				CURRENT_PROJECT_VERSION = 1;
				DEVELOPMENT_ASSET_PATHS = "\"vision-os-map2d/Preview Content\"";
				DEVELOPMENT_TEAM = XAA222ZJAC;
				ENABLE_PREVIEWS = YES;
				GENERATE_INFOPLIST_FILE = YES;
				INFOPLIST_FILE = "$(TARGET_NAME)/Info.plist";
				LD_RUNPATH_SEARCH_PATHS = (
					"$(inherited)",
					"@executable_path/Frameworks",
				);
				MARKETING_VERSION = 1.0;
				PRODUCT_BUNDLE_IDENTIFIER = "com.kd.vision-os-map2d";
				PRODUCT_NAME = "$(TARGET_NAME)";
				SUPPORTED_PLATFORMS = "xros xrsimulator";
				SWIFT_EMIT_LOC_STRINGS = YES;
				SWIFT_VERSION = 5.0;
				TARGETED_DEVICE_FAMILY = "1,2,7";
			};
			name = Release;
		};
/* End XCBuildConfiguration section */

/* Begin XCConfigurationList section */
		1575CB0A2C01E8B700488C04 /* Build configuration list for PBXProject "vision-os-map2d" */ = {
			isa = XCConfigurationList;
			buildConfigurations = (
				1575CB222C01E8B800488C04 /* Debug */,
				1575CB232C01E8B800488C04 /* Release */,
			);
			defaultConfigurationIsVisible = 0;
			defaultConfigurationName = Release;
		};
		1575CB242C01E8B800488C04 /* Build configuration list for PBXNativeTarget "vision-os-map2d" */ = {
			isa = XCConfigurationList;
			buildConfigurations = (
				1575CB252C01E8B800488C04 /* Debug */,
				1575CB262C01E8B800488C04 /* Release */,
			);
			defaultConfigurationIsVisible = 0;
			defaultConfigurationName = Release;
		};
/* End XCConfigurationList section */

/* Begin XCSwiftPackageProductDependency section */
		1575CB142C01E8B700488C04 /* RealityKitContent */ = {
			isa = XCSwiftPackageProductDependency;
			productName = RealityKitContent;
		};
/* End XCSwiftPackageProductDependency section */
	};
	rootObject = 1575CB072C01E8B700488C04 /* Project object */;
}
